// !$*UTF8*$!
{
	archiveVersion = 1;
	classes = {
	};
	objectVersion = 56;
	objects = {

/* Begin PBXBuildFile section */
		FC09E27F29E5E844000CB74F /* AppDelegate.swift in Sources */ = {isa = PBXBuildFile; fileRef = FC09E27E29E5E844000CB74F /* AppDelegate.swift */; };
		FC09E28129E5E844000CB74F /* SceneDelegate.swift in Sources */ = {isa = PBXBuildFile; fileRef = FC09E28029E5E844000CB74F /* SceneDelegate.swift */; };
		FC09E28329E5E844000CB74F /* TimerViewController.swift in Sources */ = {isa = PBXBuildFile; fileRef = FC09E28229E5E844000CB74F /* TimerViewController.swift */; };
		FC09E28629E5E844000CB74F /* Main.storyboard in Resources */ = {isa = PBXBuildFile; fileRef = FC09E28429E5E844000CB74F /* Main.storyboard */; };
		FC09E28829E5E845000CB74F /* Assets.xcassets in Resources */ = {isa = PBXBuildFile; fileRef = FC09E28729E5E845000CB74F /* Assets.xcassets */; };
		FC09E28B29E5E845000CB74F /* LaunchScreen.storyboard in Resources */ = {isa = PBXBuildFile; fileRef = FC09E28929E5E845000CB74F /* LaunchScreen.storyboard */; };
		FC48A00929EDF22C00CA144F /* SettingsViewController.swift in Sources */ = {isa = PBXBuildFile; fileRef = FC48A00829EDF22C00CA144F /* SettingsViewController.swift */; };
		FC48A00B29EDF68F00CA144F /* StopWatchSettingsViewController.swift in Sources */ = {isa = PBXBuildFile; fileRef = FC48A00A29EDF68F00CA144F /* StopWatchSettingsViewController.swift */; };
		FC797FC129E8A29900FDED21 /* Themes.swift in Sources */ = {isa = PBXBuildFile; fileRef = FC797FC029E8A29900FDED21 /* Themes.swift */; };
		FC87789929E74F5B0052A931 /* alarmTone.wav in Resources */ = {isa = PBXBuildFile; fileRef = FC87789829E74F5B0052A931 /* alarmTone.wav */; };
		FC87789B29E769EB0052A931 /* StopWatchViewController.swift in Sources */ = {isa = PBXBuildFile; fileRef = FC87789A29E769EB0052A931 /* StopWatchViewController.swift */; };
		FCB2236729EF58E1002CF427 /* Constants.swift in Sources */ = {isa = PBXBuildFile; fileRef = FCB2236629EF58E1002CF427 /* Constants.swift */; };
/* End PBXBuildFile section */

/* Begin PBXFileReference section */
		FC09E27B29E5E844000CB74F /* Game Timer.app */ = {isa = PBXFileReference; explicitFileType = wrapper.application; includeInIndex = 0; path = "Game Timer.app"; sourceTree = BUILT_PRODUCTS_DIR; };
		FC09E27E29E5E844000CB74F /* AppDelegate.swift */ = {isa = PBXFileReference; lastKnownFileType = sourcecode.swift; path = AppDelegate.swift; sourceTree = "<group>"; };
		FC09E28029E5E844000CB74F /* SceneDelegate.swift */ = {isa = PBXFileReference; lastKnownFileType = sourcecode.swift; path = SceneDelegate.swift; sourceTree = "<group>"; };
		FC09E28229E5E844000CB74F /* TimerViewController.swift */ = {isa = PBXFileReference; lastKnownFileType = sourcecode.swift; path = TimerViewController.swift; sourceTree = "<group>"; };
		FC09E28529E5E844000CB74F /* Base */ = {isa = PBXFileReference; lastKnownFileType = file.storyboard; name = Base; path = Base.lproj/Main.storyboard; sourceTree = "<group>"; };
		FC09E28729E5E845000CB74F /* Assets.xcassets */ = {isa = PBXFileReference; lastKnownFileType = folder.assetcatalog; path = Assets.xcassets; sourceTree = "<group>"; };
		FC09E28A29E5E845000CB74F /* Base */ = {isa = PBXFileReference; lastKnownFileType = file.storyboard; name = Base; path = Base.lproj/LaunchScreen.storyboard; sourceTree = "<group>"; };
		FC09E28C29E5E845000CB74F /* Info.plist */ = {isa = PBXFileReference; lastKnownFileType = text.plist.xml; path = Info.plist; sourceTree = "<group>"; };
		FC48A00829EDF22C00CA144F /* SettingsViewController.swift */ = {isa = PBXFileReference; lastKnownFileType = sourcecode.swift; path = SettingsViewController.swift; sourceTree = "<group>"; };
		FC48A00A29EDF68F00CA144F /* StopWatchSettingsViewController.swift */ = {isa = PBXFileReference; lastKnownFileType = sourcecode.swift; path = StopWatchSettingsViewController.swift; sourceTree = "<group>"; };
		FC797FC029E8A29900FDED21 /* Themes.swift */ = {isa = PBXFileReference; lastKnownFileType = sourcecode.swift; path = Themes.swift; sourceTree = "<group>"; };
		FC87789829E74F5B0052A931 /* alarmTone.wav */ = {isa = PBXFileReference; lastKnownFileType = audio.wav; name = alarmTone.wav; path = ../../../../../../../Downloads/alarmTone.wav; sourceTree = "<group>"; };
		FC87789A29E769EB0052A931 /* StopWatchViewController.swift */ = {isa = PBXFileReference; lastKnownFileType = sourcecode.swift; path = StopWatchViewController.swift; sourceTree = "<group>"; };
		FCB2236629EF58E1002CF427 /* Constants.swift */ = {isa = PBXFileReference; lastKnownFileType = sourcecode.swift; path = Constants.swift; sourceTree = "<group>"; };
/* End PBXFileReference section */

/* Begin PBXFrameworksBuildPhase section */
		FC09E27829E5E844000CB74F /* Frameworks */ = {
			isa = PBXFrameworksBuildPhase;
			buildActionMask = 2147483647;
			files = (
			);
			runOnlyForDeploymentPostprocessing = 0;
		};
/* End PBXFrameworksBuildPhase section */

/* Begin PBXGroup section */
		FC09E27229E5E844000CB74F = {
			isa = PBXGroup;
			children = (
				FC09E27D29E5E844000CB74F /* Game Timer */,
				FC09E27C29E5E844000CB74F /* Products */,
			);
			sourceTree = "<group>";
		};
		FC09E27C29E5E844000CB74F /* Products */ = {
			isa = PBXGroup;
			children = (
				FC09E27B29E5E844000CB74F /* Game Timer.app */,
			);
			name = Products;
			sourceTree = "<group>";
		};
		FC09E27D29E5E844000CB74F /* Game Timer */ = {
			isa = PBXGroup;
			children = (
				FCB2236529EF58B1002CF427 /* Constants */,
				FC09E27E29E5E844000CB74F /* AppDelegate.swift */,
				FC09E28029E5E844000CB74F /* SceneDelegate.swift */,
				FC797FC029E8A29900FDED21 /* Themes.swift */,
				FC09E29329E60833000CB74F /* View Controllers */,
				FC09E29229E60828000CB74F /* StoryBoards */,
				FC09E28729E5E845000CB74F /* Assets.xcassets */,
				FC09E28C29E5E845000CB74F /* Info.plist */,
				FC87789829E74F5B0052A931 /* alarmTone.wav */,
			);
			path = "Game Timer";
			sourceTree = "<group>";
		};
		FC09E29229E60828000CB74F /* StoryBoards */ = {
			isa = PBXGroup;
			children = (
				FC09E28429E5E844000CB74F /* Main.storyboard */,
				FC09E28929E5E845000CB74F /* LaunchScreen.storyboard */,
			);
			path = StoryBoards;
			sourceTree = "<group>";
		};
		FC09E29329E60833000CB74F /* View Controllers */ = {
			isa = PBXGroup;
			children = (
				FC09E28229E5E844000CB74F /* TimerViewController.swift */,
				FC87789A29E769EB0052A931 /* StopWatchViewController.swift */,
				FC48A00A29EDF68F00CA144F /* StopWatchSettingsViewController.swift */,
				FC48A00829EDF22C00CA144F /* SettingsViewController.swift */,
			);
			path = "View Controllers";
			sourceTree = "<group>";
		};
		FCB2236529EF58B1002CF427 /* Constants */ = {
			isa = PBXGroup;
			children = (
				FCB2236629EF58E1002CF427 /* Constants.swift */,
			);
			path = Constants;
			sourceTree = "<group>";
		};
/* End PBXGroup section */

/* Begin PBXNativeTarget section */
		FC09E27A29E5E844000CB74F /* Game Timer */ = {
			isa = PBXNativeTarget;
			buildConfigurationList = FC09E28F29E5E845000CB74F /* Build configuration list for PBXNativeTarget "Game Timer" */;
			buildPhases = (
				FC09E27729E5E844000CB74F /* Sources */,
				FC09E27829E5E844000CB74F /* Frameworks */,
				FC09E27929E5E844000CB74F /* Resources */,
			);
			buildRules = (
			);
			dependencies = (
			);
			name = "Game Timer";
			productName = "Game Timer";
			productReference = FC09E27B29E5E844000CB74F /* Game Timer.app */;
			productType = "com.apple.product-type.application";
		};
/* End PBXNativeTarget section */

/* Begin PBXProject section */
		FC09E27329E5E844000CB74F /* Project object */ = {
			isa = PBXProject;
			attributes = {
				BuildIndependentTargetsInParallel = 1;
				LastSwiftUpdateCheck = 1430;
				LastUpgradeCheck = 1430;
				TargetAttributes = {
					FC09E27A29E5E844000CB74F = {
						CreatedOnToolsVersion = 14.3;
					};
				};
			};
			buildConfigurationList = FC09E27629E5E844000CB74F /* Build configuration list for PBXProject "Game Timer" */;
			compatibilityVersion = "Xcode 14.0";
			developmentRegion = en;
			hasScannedForEncodings = 0;
			knownRegions = (
				en,
				Base,
			);
			mainGroup = FC09E27229E5E844000CB74F;
			productRefGroup = FC09E27C29E5E844000CB74F /* Products */;
			projectDirPath = "";
			projectRoot = "";
			targets = (
				FC09E27A29E5E844000CB74F /* Game Timer */,
			);
		};
/* End PBXProject section */

/* Begin PBXResourcesBuildPhase section */
		FC09E27929E5E844000CB74F /* Resources */ = {
			isa = PBXResourcesBuildPhase;
			buildActionMask = 2147483647;
			files = (
				FC09E28B29E5E845000CB74F /* LaunchScreen.storyboard in Resources */,
				FC09E28829E5E845000CB74F /* Assets.xcassets in Resources */,
				FC87789929E74F5B0052A931 /* alarmTone.wav in Resources */,
				FC09E28629E5E844000CB74F /* Main.storyboard in Resources */,
			);
			runOnlyForDeploymentPostprocessing = 0;
		};
/* End PBXResourcesBuildPhase section */

/* Begin PBXSourcesBuildPhase section */
		FC09E27729E5E844000CB74F /* Sources */ = {
			isa = PBXSourcesBuildPhase;
			buildActionMask = 2147483647;
			files = (
				FC87789B29E769EB0052A931 /* StopWatchViewController.swift in Sources */,
				FC09E28329E5E844000CB74F /* TimerViewController.swift in Sources */,
				FC09E27F29E5E844000CB74F /* AppDelegate.swift in Sources */,
				FC797FC129E8A29900FDED21 /* Themes.swift in Sources */,
				FC09E28129E5E844000CB74F /* SceneDelegate.swift in Sources */,
				FC48A00B29EDF68F00CA144F /* StopWatchSettingsViewController.swift in Sources */,
				FC48A00929EDF22C00CA144F /* SettingsViewController.swift in Sources */,
				FCB2236729EF58E1002CF427 /* Constants.swift in Sources */,
			);
			runOnlyForDeploymentPostprocessing = 0;
		};
/* End PBXSourcesBuildPhase section */

/* Begin PBXVariantGroup section */
		FC09E28429E5E844000CB74F /* Main.storyboard */ = {
			isa = PBXVariantGroup;
			children = (
				FC09E28529E5E844000CB74F /* Base */,
			);
			name = Main.storyboard;
			sourceTree = "<group>";
		};
		FC09E28929E5E845000CB74F /* LaunchScreen.storyboard */ = {
			isa = PBXVariantGroup;
			children = (
				FC09E28A29E5E845000CB74F /* Base */,
			);
			name = LaunchScreen.storyboard;
			sourceTree = "<group>";
		};
/* End PBXVariantGroup section */

/* Begin XCBuildConfiguration section */
		FC09E28D29E5E845000CB74F /* Debug */ = {
			isa = XCBuildConfiguration;
			buildSettings = {
				ALWAYS_SEARCH_USER_PATHS = NO;
				CLANG_ANALYZER_NONNULL = YES;
				CLANG_ANALYZER_NUMBER_OBJECT_CONVERSION = YES_AGGRESSIVE;
				CLANG_CXX_LANGUAGE_STANDARD = "gnu++20";
				CLANG_ENABLE_MODULES = YES;
				CLANG_ENABLE_OBJC_ARC = YES;
				CLANG_ENABLE_OBJC_WEAK = YES;
				CLANG_WARN_BLOCK_CAPTURE_AUTORELEASING = YES;
				CLANG_WARN_BOOL_CONVERSION = YES;
				CLANG_WARN_COMMA = YES;
				CLANG_WARN_CONSTANT_CONVERSION = YES;
				CLANG_WARN_DEPRECATED_OBJC_IMPLEMENTATIONS = YES;
				CLANG_WARN_DIRECT_OBJC_ISA_USAGE = YES_ERROR;
				CLANG_WARN_DOCUMENTATION_COMMENTS = YES;
				CLANG_WARN_EMPTY_BODY = YES;
				CLANG_WARN_ENUM_CONVERSION = YES;
				CLANG_WARN_INFINITE_RECURSION = YES;
				CLANG_WARN_INT_CONVERSION = YES;
				CLANG_WARN_NON_LITERAL_NULL_CONVERSION = YES;
				CLANG_WARN_OBJC_IMPLICIT_RETAIN_SELF = YES;
				CLANG_WARN_OBJC_LITERAL_CONVERSION = YES;
				CLANG_WARN_OBJC_ROOT_CLASS = YES_ERROR;
				CLANG_WARN_QUOTED_INCLUDE_IN_FRAMEWORK_HEADER = YES;
				CLANG_WARN_RANGE_LOOP_ANALYSIS = YES;
				CLANG_WARN_STRICT_PROTOTYPES = YES;
				CLANG_WARN_SUSPICIOUS_MOVE = YES;
				CLANG_WARN_UNGUARDED_AVAILABILITY = YES_AGGRESSIVE;
				CLANG_WARN_UNREACHABLE_CODE = YES;
				CLANG_WARN__DUPLICATE_METHOD_MATCH = YES;
				COPY_PHASE_STRIP = NO;
				DEBUG_INFORMATION_FORMAT = dwarf;
				ENABLE_STRICT_OBJC_MSGSEND = YES;
				ENABLE_TESTABILITY = YES;
				GCC_C_LANGUAGE_STANDARD = gnu11;
				GCC_DYNAMIC_NO_PIC = NO;
				GCC_NO_COMMON_BLOCKS = YES;
				GCC_OPTIMIZATION_LEVEL = 0;
				GCC_PREPROCESSOR_DEFINITIONS = (
					"DEBUG=1",
					"$(inherited)",
				);
				GCC_WARN_64_TO_32_BIT_CONVERSION = YES;
				GCC_WARN_ABOUT_RETURN_TYPE = YES_ERROR;
				GCC_WARN_UNDECLARED_SELECTOR = YES;
				GCC_WARN_UNINITIALIZED_AUTOS = YES_AGGRESSIVE;
				GCC_WARN_UNUSED_FUNCTION = YES;
				GCC_WARN_UNUSED_VARIABLE = YES;
				IPHONEOS_DEPLOYMENT_TARGET = 16.4;
				MTL_ENABLE_DEBUG_INFO = INCLUDE_SOURCE;
				MTL_FAST_MATH = YES;
				ONLY_ACTIVE_ARCH = YES;
				SDKROOT = iphoneos;
				SWIFT_ACTIVE_COMPILATION_CONDITIONS = DEBUG;
				SWIFT_OPTIMIZATION_LEVEL = "-Onone";
			};
			name = Debug;
		};
		FC09E28E29E5E845000CB74F /* Release */ = {
			isa = XCBuildConfiguration;
			buildSettings = {
				ALWAYS_SEARCH_USER_PATHS = NO;
				CLANG_ANALYZER_NONNULL = YES;
				CLANG_ANALYZER_NUMBER_OBJECT_CONVERSION = YES_AGGRESSIVE;
				CLANG_CXX_LANGUAGE_STANDARD = "gnu++20";
				CLANG_ENABLE_MODULES = YES;
				CLANG_ENABLE_OBJC_ARC = YES;
				CLANG_ENABLE_OBJC_WEAK = YES;
				CLANG_WARN_BLOCK_CAPTURE_AUTORELEASING = YES;
				CLANG_WARN_BOOL_CONVERSION = YES;
				CLANG_WARN_COMMA = YES;
				CLANG_WARN_CONSTANT_CONVERSION = YES;
				CLANG_WARN_DEPRECATED_OBJC_IMPLEMENTATIONS = YES;
				CLANG_WARN_DIRECT_OBJC_ISA_USAGE = YES_ERROR;
				CLANG_WARN_DOCUMENTATION_COMMENTS = YES;
				CLANG_WARN_EMPTY_BODY = YES;
				CLANG_WARN_ENUM_CONVERSION = YES;
				CLANG_WARN_INFINITE_RECURSION = YES;
				CLANG_WARN_INT_CONVERSION = YES;
				CLANG_WARN_NON_LITERAL_NULL_CONVERSION = YES;
				CLANG_WARN_OBJC_IMPLICIT_RETAIN_SELF = YES;
				CLANG_WARN_OBJC_LITERAL_CONVERSION = YES;
				CLANG_WARN_OBJC_ROOT_CLASS = YES_ERROR;
				CLANG_WARN_QUOTED_INCLUDE_IN_FRAMEWORK_HEADER = YES;
				CLANG_WARN_RANGE_LOOP_ANALYSIS = YES;
				CLANG_WARN_STRICT_PROTOTYPES = YES;
				CLANG_WARN_SUSPICIOUS_MOVE = YES;
				CLANG_WARN_UNGUARDED_AVAILABILITY = YES_AGGRESSIVE;
				CLANG_WARN_UNREACHABLE_CODE = YES;
				CLANG_WARN__DUPLICATE_METHOD_MATCH = YES;
				COPY_PHASE_STRIP = NO;
				DEBUG_INFORMATION_FORMAT = "dwarf-with-dsym";
				ENABLE_NS_ASSERTIONS = NO;
				ENABLE_STRICT_OBJC_MSGSEND = YES;
				GCC_C_LANGUAGE_STANDARD = gnu11;
				GCC_NO_COMMON_BLOCKS = YES;
				GCC_WARN_64_TO_32_BIT_CONVERSION = YES;
				GCC_WARN_ABOUT_RETURN_TYPE = YES_ERROR;
				GCC_WARN_UNDECLARED_SELECTOR = YES;
				GCC_WARN_UNINITIALIZED_AUTOS = YES_AGGRESSIVE;
				GCC_WARN_UNUSED_FUNCTION = YES;
				GCC_WARN_UNUSED_VARIABLE = YES;
				IPHONEOS_DEPLOYMENT_TARGET = 16.4;
				MTL_ENABLE_DEBUG_INFO = NO;
				MTL_FAST_MATH = YES;
				SDKROOT = iphoneos;
				SWIFT_COMPILATION_MODE = wholemodule;
				SWIFT_OPTIMIZATION_LEVEL = "-O";
				VALIDATE_PRODUCT = YES;
			};
			name = Release;
		};
		FC09E29029E5E845000CB74F /* Debug */ = {
			isa = XCBuildConfiguration;
			buildSettings = {
				ASSETCATALOG_COMPILER_APPICON_NAME = AppIcon;
				ASSETCATALOG_COMPILER_GLOBAL_ACCENT_COLOR_NAME = AccentColor;
				CODE_SIGN_STYLE = Automatic;
				CURRENT_PROJECT_VERSION = 1;
				DEVELOPMENT_TEAM = XBFFC9HC9S;
				GENERATE_INFOPLIST_FILE = YES;
				INFOPLIST_FILE = "Game Timer/Info.plist";
				INFOPLIST_KEY_UIApplicationSupportsIndirectInputEvents = YES;
				INFOPLIST_KEY_UILaunchStoryboardName = LaunchScreen;
				INFOPLIST_KEY_UIMainStoryboardFile = Main;
				INFOPLIST_KEY_UISupportedInterfaceOrientations = UIInterfaceOrientationPortrait;
				INFOPLIST_KEY_UISupportedInterfaceOrientations_iPad = "UIInterfaceOrientationLandscapeLeft UIInterfaceOrientationLandscapeRight UIInterfaceOrientationPortrait UIInterfaceOrientationPortraitUpsideDown";
				LD_RUNPATH_SEARCH_PATHS = (
					"$(inherited)",
					"@executable_path/Frameworks",
				);
				MARKETING_VERSION = 1.0;
				PRODUCT_BUNDLE_IDENTIFIER = "com.KadenWastlund.Game-Timer";
				PRODUCT_NAME = "$(TARGET_NAME)";
				SUPPORTED_PLATFORMS = "iphoneos iphonesimulator";
				SUPPORTS_MACCATALYST = NO;
				SUPPORTS_MAC_DESIGNED_FOR_IPHONE_IPAD = YES;
				SWIFT_EMIT_LOC_STRINGS = YES;
				SWIFT_VERSION = 5.0;
				TARGETED_DEVICE_FAMILY = 1;
			};
			name = Debug;
		};
		FC09E29129E5E845000CB74F /* Release */ = {
			isa = XCBuildConfiguration;
			buildSettings = {
				ASSETCATALOG_COMPILER_APPICON_NAME = AppIcon;
				ASSETCATALOG_COMPILER_GLOBAL_ACCENT_COLOR_NAME = AccentColor;
				CODE_SIGN_STYLE = Automatic;
				CURRENT_PROJECT_VERSION = 1;
				DEVELOPMENT_TEAM = XBFFC9HC9S;
				GENERATE_INFOPLIST_FILE = YES;
				INFOPLIST_FILE = "Game Timer/Info.plist";
				INFOPLIST_KEY_UIApplicationSupportsIndirectInputEvents = YES;
				INFOPLIST_KEY_UILaunchStoryboardName = LaunchScreen;
				INFOPLIST_KEY_UIMainStoryboardFile = Main;
				INFOPLIST_KEY_UISupportedInterfaceOrientations = UIInterfaceOrientationPortrait;
				INFOPLIST_KEY_UISupportedInterfaceOrientations_iPad = "UIInterfaceOrientationLandscapeLeft UIInterfaceOrientationLandscapeRight UIInterfaceOrientationPortrait UIInterfaceOrientationPortraitUpsideDown";
				LD_RUNPATH_SEARCH_PATHS = (
					"$(inherited)",
					"@executable_path/Frameworks",
				);
				MARKETING_VERSION = 1.0;
				PRODUCT_BUNDLE_IDENTIFIER = "com.KadenWastlund.Game-Timer";
				PRODUCT_NAME = "$(TARGET_NAME)";
				SUPPORTED_PLATFORMS = "iphoneos iphonesimulator";
				SUPPORTS_MACCATALYST = NO;
				SUPPORTS_MAC_DESIGNED_FOR_IPHONE_IPAD = YES;
				SWIFT_EMIT_LOC_STRINGS = YES;
				SWIFT_VERSION = 5.0;
				TARGETED_DEVICE_FAMILY = 1;
			};
			name = Release;
		};
/* End XCBuildConfiguration section */

/* Begin XCConfigurationList section */
		FC09E27629E5E844000CB74F /* Build configuration list for PBXProject "Game Timer" */ = {
			isa = XCConfigurationList;
			buildConfigurations = (
				FC09E28D29E5E845000CB74F /* Debug */,
				FC09E28E29E5E845000CB74F /* Release */,
			);
			defaultConfigurationIsVisible = 0;
			defaultConfigurationName = Release;
		};
		FC09E28F29E5E845000CB74F /* Build configuration list for PBXNativeTarget "Game Timer" */ = {
			isa = XCConfigurationList;
			buildConfigurations = (
				FC09E29029E5E845000CB74F /* Debug */,
				FC09E29129E5E845000CB74F /* Release */,
			);
			defaultConfigurationIsVisible = 0;
			defaultConfigurationName = Release;
		};
/* End XCConfigurationList section */
	};
	rootObject = FC09E27329E5E844000CB74F /* Project object */;
}
